{
  "nodes": {
    "flake-compat": {
      "flake": false,
      "locked": {
        "lastModified": 1767039857,
        "narHash": "sha256-vNpUSpF5Nuw8xvDLj2KCwwksIbjua2LZCqhV1LNRDns=",
        "owner": "edolstra",
        "repo": "flake-compat",
        "rev": "5edf11c44bc78a0d334f6334cdaf7d60d732daab",
        "type": "github"
      },
      "original": {
        "owner": "edolstra",
        "repo": "flake-compat",
        "type": "github"
      }
    },
    "freesm": {
      "inputs": {
        "flake-compat": "flake-compat",
        "libnbtplusplus": "libnbtplusplus",
        "nix-filter": "nix-filter",
        "nixpkgs": [
          "nixpkgs"
        ]
      },
      "locked": {
        "lastModified": 1771171817,
        "narHash": "sha256-ojPUTna3u5fR/Zuu2KPDOXC+mLO9B8MZM/mz/Bu9gvc=",
        "owner": "FreesmTeam",
        "repo": "FreesmLauncher",
        "rev": "58e04b1aef1fb8bca295d9f1ec9365e3e43734b1",
        "type": "github"
      },
      "original": {
        "owner": "FreesmTeam",
        "repo": "FreesmLauncher",
        "type": "github"
      }
    },
    "home-manager": {
      "inputs": {
        "nixpkgs": [
          "nixpkgs"
        ]
      },
      "locked": {
        "lastModified": 1769580047,
        "narHash": "sha256-tNqCP/+2+peAXXQ2V8RwsBkenlfWMERb+Uy6xmevyhM=",
        "owner": "nix-community",
        "repo": "home-manager",
        "rev": "366d78c2856de6ab3411c15c1cb4fb4c2bf5c826",
        "type": "github"
      },
      "original": {
        "owner": "nix-community",
        "ref": "release-25.11",
        "repo": "home-manager",
        "type": "github"
      }
    },
    "libnbtplusplus": {
      "flake": false,
      "locked": {
        "lastModified": 1744811532,
        "narHash": "sha256-qhmjaRkt+O7A+gu6HjUkl7QzOEb4r8y8vWZMG2R/C6o=",
        "owner": "FreesmTeam",
        "repo": "libnbtplusplus",
        "rev": "531449ba1c930c98e0bcf5d332b237a8566f9d78",
        "type": "github"
      },
      "original": {
        "owner": "FreesmTeam",
        "repo": "libnbtplusplus",
        "type": "github"
      }
    },
    "nix-filter": {
      "locked": {
        "lastModified": 1757882181,
        "narHash": "sha256-+cCxYIh2UNalTz364p+QYmWHs0P+6wDhiWR4jDIKQIU=",
        "owner": "numtide",
        "repo": "nix-filter",
        "rev": "59c44d1909c72441144b93cf0f054be7fe764de5",
        "type": "github"
      },
      "original": {
        "owner": "numtide",
        "repo": "nix-filter",
        "type": "github"
      }
    },
    "nixpkgs": {
      "locked": {
        "lastModified": 1769598131,
        "narHash": "sha256-e7VO/kGLgRMbWtpBqdWl0uFg8Y2XWFMdz0uUJvlML8o=",
        "owner": "NixOS",
        "repo": "nixpkgs",
        "rev": "fa83fd837f3098e3e678e6cf017b2b36102c7211",
        "type": "github"
      },
      "original": {
        "id": "nixpkgs",
        "ref": "nixos-25.11",
        "type": "indirect"
      }
    },
    "nixpkgs-unstable": {
      "locked": {
        "lastModified": 1770537093,
        "narHash": "sha256-pF1quXG5wsgtyuPOHcLfYg/ft/QMr8NnX0i6tW2187s=",
        "owner": "NixOS",
        "repo": "nixpkgs",
        "rev": "fef9403a3e4d31b0a23f0bacebbec52c248fbb51",
        "type": "github"
      },
      "original": {
        "id": "nixpkgs",
        "ref": "nixpkgs-unstable",
        "type": "indirect"
      }
    },
    "nvim-config": {
      "locked": {
        "lastModified": 1773687871,
        "narHash": "sha256-cKWsj9PcuPiyF3fCNf8EEnZws6KNMYcZmiPWztcFTK8=",
        "owner": "samov0619-prog",
        "repo": "nvim",
        "rev": "ee27680aef05dc43a2cbf7eaff3645a65074a383",
        "type": "github"
      },
      "original": {
        "owner": "samov0619-prog",
        "repo": "nvim",
        "type": "github"
      }
    },
    "root": {
      "inputs": {
        "freesm": "freesm",
        "home-manager": "home-manager",
        "nixpkgs": "nixpkgs",
        "nixpkgs-unstable": "nixpkgs-unstable",
        "nvim-config": "nvim-config"
      }
    }
  },
  "root": "root",
  "version": 7
}
